
Microsoft Visual Studio Solution File, Format Version 12.00
# Visual Studio Version 16
VisualStudioVersion = 16.0.32228.343
MinimumVisualStudioVersion = 10.0.40219.1
Project("{9A19103F-16F7-4668-BE54-9A1E7A4F7556}") = "WpfApp1", "WpfApp1\WpfApp1.csproj", "{45718124-82F5-4138-BA11-94B0F1E6DFCE}"
EndProject
Global
	GlobalSection(SolutionConfigurationPlatforms) = preSolution
		Debug|Any CPU = Debug|Any CPU
		Release|Any CPU = Release|Any CPU
	EndGlobalSection
	GlobalSection(ProjectConfigurationPlatforms) = postSolution
		{45718124-82F5-4138-BA11-94B0F1E6DFCE}.Debug|Any CPU.ActiveCfg = Debug|Any CPU
		{45718124-82F5-4138-BA11-94B0F1E6DFCE}.Debug|Any CPU.Build.0 = Debug|Any CPU
		{45718124-82F5-4138-BA11-94B0F1E6DFCE}.Release|Any CPU.ActiveCfg = Release|Any CPU
		{45718124-82F5-4138-BA11-94B0F1E6DFCE}.Release|Any CPU.Build.0 = Release|Any CPU
	EndGlobalSection
	GlobalSection(SolutionProperties) = preSolution
		HideSolutionNode = FALSE
	EndGlobalSection
	GlobalSection(ExtensibilityGlobals) = postSolution
		SolutionGuid = {023120EB-A586-4622-98CE-764A4300AFC2}
	EndGlobalSection
EndGlobal
